
Microsoft Visual Studio Solution File, Format Version 12.00
# Visual Studio 2013
VisualStudioVersion = 12.0.21005.1
MinimumVisualStudioVersion = 10.0.40219.1
Project("{FAE04EC0-301F-11D3-BF4B-00C04F79EFBC}") = "Main", "Main\Main.csproj", "{CA124790-490C-48E7-A288-071EB27307BD}"
EndProject
Project("{FAE04EC0-301F-11D3-BF4B-00C04F79EFBC}") = "WPFCustomControls", "WPFCustomControls\WPFCustomControls.csproj", "{D18EB1C4-3D35-476B-A9B0-46739340647A}"
EndProject
Project("{FAE04EC0-301F-11D3-BF4B-00C04F79EFBC}") = "Interfaces", "Interfaces\Interfaces.csproj", "{8408F54F-1862-40DF-8765-4DCE139A0B46}"
EndProject
Project("{FAE04EC0-301F-11D3-BF4B-00C04F79EFBC}") = "Utils", "Utils\Utils.csproj", "{3DD29C32-594C-4B13-B047-440FBDA6D389}"
EndProject
Global
	GlobalSection(SolutionConfigurationPlatforms) = preSolution
		Debug|Any CPU = Debug|Any CPU
		Release|Any CPU = Release|Any CPU
	EndGlobalSection
	GlobalSection(ProjectConfigurationPlatforms) = postSolution
		{CA124790-490C-48E7-A288-071EB27307BD}.Debug|Any CPU.ActiveCfg = Debug|Any CPU
		{CA124790-490C-48E7-A288-071EB27307BD}.Debug|Any CPU.Build.0 = Debug|Any CPU
		{CA124790-490C-48E7-A288-071EB27307BD}.Release|Any CPU.ActiveCfg = Release|Any CPU
		{CA124790-490C-48E7-A288-071EB27307BD}.Release|Any CPU.Build.0 = Release|Any CPU
		{D18EB1C4-3D35-476B-A9B0-46739340647A}.Debug|Any CPU.ActiveCfg = Debug|Any CPU
		{D18EB1C4-3D35-476B-A9B0-46739340647A}.Debug|Any CPU.Build.0 = Debug|Any CPU
		{D18EB1C4-3D35-476B-A9B0-46739340647A}.Release|Any CPU.ActiveCfg = Release|Any CPU
		{D18EB1C4-3D35-476B-A9B0-46739340647A}.Release|Any CPU.Build.0 = Release|Any CPU
		{8408F54F-1862-40DF-8765-4DCE139A0B46}.Debug|Any CPU.ActiveCfg = Debug|Any CPU
		{8408F54F-1862-40DF-8765-4DCE139A0B46}.Debug|Any CPU.Build.0 = Debug|Any CPU
		{8408F54F-1862-40DF-8765-4DCE139A0B46}.Release|Any CPU.ActiveCfg = Release|Any CPU
		{8408F54F-1862-40DF-8765-4DCE139A0B46}.Release|Any CPU.Build.0 = Release|Any CPU
		{3DD29C32-594C-4B13-B047-440FBDA6D389}.Debug|Any CPU.ActiveCfg = Debug|Any CPU
		{3DD29C32-594C-4B13-B047-440FBDA6D389}.Debug|Any CPU.Build.0 = Debug|Any CPU
		{3DD29C32-594C-4B13-B047-440FBDA6D389}.Release|Any CPU.ActiveCfg = Release|Any CPU
		{3DD29C32-594C-4B13-B047-440FBDA6D389}.Release|Any CPU.Build.0 = Release|Any CPU
	EndGlobalSection
	GlobalSection(SolutionProperties) = preSolution
		HideSolutionNode = FALSE
	EndGlobalSection
EndGlobal
